{
  "requires": true,
  "lockfileVersion": 1,
  "dependencies": {
    "bootstrap-scss": {
      "version": "5.2.3",
      "resolved": "https://registry.npmjs.org/bootstrap-scss/-/bootstrap-scss-5.2.3.tgz",
      "integrity": "sha512-3lU/QMvW3VAgPwefBDSI90FY71ShuT7QxIna4sz5ksE7gVIUpNWe5/VjCiHroeyyTz9pIMlSE65V7nLJqq9Cmg=="
    }
  }
}
